
Microsoft Visual Studio Solution File, Format Version 12.00
# Visual Studio Version 17
VisualStudioVersion = 17.2.32505.173
MinimumVisualStudioVersion = 10.0.40219.1
Project("{FAE04EC0-301F-11D3-BF4B-00C04F79EFBC}") = "MS_2tier", "MS_2tier\MS_2tier.csproj", "{5F810795-C1C3-4391-9FDE-C815918980A1}"
EndProject
Global
	GlobalSection(SolutionConfigurationPlatforms) = preSolution
		Debug|Any CPU = Debug|Any CPU
		Release|Any CPU = Release|Any CPU
	EndGlobalSection
	GlobalSection(ProjectConfigurationPlatforms) = postSolution
		{5F810795-C1C3-4391-9FDE-C815918980A1}.Debug|Any CPU.ActiveCfg = Debug|Any CPU
		{5F810795-C1C3-4391-9FDE-C815918980A1}.Debug|Any CPU.Build.0 = Debug|Any CPU
		{5F810795-C1C3-4391-9FDE-C815918980A1}.Release|Any CPU.ActiveCfg = Release|Any CPU
		{5F810795-C1C3-4391-9FDE-C815918980A1}.Release|Any CPU.Build.0 = Release|Any CPU
	EndGlobalSection
	GlobalSection(SolutionProperties) = preSolution
		HideSolutionNode = FALSE
	EndGlobalSection
	GlobalSection(ExtensibilityGlobals) = postSolution
		SolutionGuid = {ACB25B5B-D2C5-4DD8-9E8B-AB02D9436737}
	EndGlobalSection
EndGlobal
